<?xml version="1.0" encoding="utf-8"?>
<Project ToolsVersion="4.0" xmlns="http://schemas.microsoft.com/developer/msbuild/2003">
  <ItemGroup>
    <ClInclude Include="src\API.h" />
    <ClInclude Include="src\Component.h" />
    <ClInclude Include="src\Engine.h" />
    <ClInclude Include="src\Entity.h" />
    <ClInclude Include="src\Transform.h" />
    <ClInclude Include="src\Window.h" />
    <ClInclude Include="src\Panel.h" />
    <ClInclude Include="src\Mesh.h" />
    <ClInclude Include="src\MeshLoaded.h" />
    <ClInclude Include="src\vec3ui.h" />
    <ClInclude Include="src\Program.h" />
    <ClInclude Include="src\ReadFiles.h" />
    <ClInclude Include="src\ShaderSource.h" />
    <ClInclude Include="src\IO.h" />
    <ClInclude Include="src\SpriteRendererProgram.h" />
    <ClInclude Include="src\Sprite.h" />
    <ClInclude Include="src\Texture2D.h" />
    <ClInclude Include="src\Camera.h" />
    <ClInclude Include="src\TileRenderer.h" />
    <ClInclude Include="src\Texture2DShared.h" />
    <ClInclude Include="src\TextRenderer.h" />
    <ClInclude Include="src\Font.h" />
    <ClInclude Include="src\FontCharacter.h" />
    <ClInclude Include="src\Split.h" />
    <ClInclude Include="src\Event.h" />
    <ClInclude Include="src\Input.h" />
  </ItemGroup>
  <ItemGroup>
    <ClCompile Include="src\Engine.cpp" />
    <ClCompile Include="src\Entity.cpp" />
    <ClCompile Include="src\Transform.cpp" />
    <ClCompile Include="src\Window.cpp" />
    <ClCompile Include="src\Panel.cpp" />
    <ClCompile Include="src\Program.cpp" />
    <ClCompile Include="src\ReadFiles.cpp" />
    <ClCompile Include="src\IO.cpp" />
    <ClCompile Include="src\SpriteRendererProgram.cpp" />
    <ClCompile Include="src\Sprite.cpp" />
    <ClCompile Include="src\Texture2D.cpp" />
    <ClCompile Include="src\Camera.cpp" />
    <ClCompile Include="src\TileRenderer.cpp" />
    <ClCompile Include="src\Texture2DShared.cpp" />
    <ClCompile Include="src\TextRenderer.cpp" />
    <ClCompile Include="src\Font.cpp" />
  </ItemGroup>
</Project>